
Microsoft Visual Studio Solution File, Format Version 12.00
# Visual Studio Version 17
VisualStudioVersion = 17.9.34728.123
MinimumVisualStudioVersion = 10.0.40219.1
Project("{FAE04EC0-301F-11D3-BF4B-00C04F79EFBC}") = "Datos", "Datos\Datos.csproj", "{BF408EDC-46DB-4E3E-AED9-1760C9135EF0}"
EndProject
Project("{FAE04EC0-301F-11D3-BF4B-00C04F79EFBC}") = "Entidades", "Entidades\Entidades.csproj", "{84DECFFE-FAEE-4AB7-8F77-7B9CC696DE2D}"
EndProject
Project("{FAE04EC0-301F-11D3-BF4B-00C04F79EFBC}") = "Negocio", "Negocio\Negocio.csproj", "{AE9B131A-920A-4046-8BD3-08EEA1FBE245}"
EndProject
Project("{FAE04EC0-301F-11D3-BF4B-00C04F79EFBC}") = "Presentacion", "Presentacion\Presentacion.csproj", "{D054BD17-992C-4F30-8BC4-A7A85ABF0524}"
EndProject
Global
	GlobalSection(SolutionConfigurationPlatforms) = preSolution
		Debug|Any CPU = Debug|Any CPU
		Release|Any CPU = Release|Any CPU
	EndGlobalSection
	GlobalSection(ProjectConfigurationPlatforms) = postSolution
		{BF408EDC-46DB-4E3E-AED9-1760C9135EF0}.Debug|Any CPU.ActiveCfg = Debug|Any CPU
		{BF408EDC-46DB-4E3E-AED9-1760C9135EF0}.Debug|Any CPU.Build.0 = Debug|Any CPU
		{BF408EDC-46DB-4E3E-AED9-1760C9135EF0}.Release|Any CPU.ActiveCfg = Release|Any CPU
		{BF408EDC-46DB-4E3E-AED9-1760C9135EF0}.Release|Any CPU.Build.0 = Release|Any CPU
		{84DECFFE-FAEE-4AB7-8F77-7B9CC696DE2D}.Debug|Any CPU.ActiveCfg = Debug|Any CPU
		{84DECFFE-FAEE-4AB7-8F77-7B9CC696DE2D}.Debug|Any CPU.Build.0 = Debug|Any CPU
		{84DECFFE-FAEE-4AB7-8F77-7B9CC696DE2D}.Release|Any CPU.ActiveCfg = Release|Any CPU
		{84DECFFE-FAEE-4AB7-8F77-7B9CC696DE2D}.Release|Any CPU.Build.0 = Release|Any CPU
		{AE9B131A-920A-4046-8BD3-08EEA1FBE245}.Debug|Any CPU.ActiveCfg = Debug|Any CPU
		{AE9B131A-920A-4046-8BD3-08EEA1FBE245}.Debug|Any CPU.Build.0 = Debug|Any CPU
		{AE9B131A-920A-4046-8BD3-08EEA1FBE245}.Release|Any CPU.ActiveCfg = Release|Any CPU
		{AE9B131A-920A-4046-8BD3-08EEA1FBE245}.Release|Any CPU.Build.0 = Release|Any CPU
		{D054BD17-992C-4F30-8BC4-A7A85ABF0524}.Debug|Any CPU.ActiveCfg = Debug|Any CPU
		{D054BD17-992C-4F30-8BC4-A7A85ABF0524}.Debug|Any CPU.Build.0 = Debug|Any CPU
		{D054BD17-992C-4F30-8BC4-A7A85ABF0524}.Release|Any CPU.ActiveCfg = Release|Any CPU
		{D054BD17-992C-4F30-8BC4-A7A85ABF0524}.Release|Any CPU.Build.0 = Release|Any CPU
	EndGlobalSection
	GlobalSection(SolutionProperties) = preSolution
		HideSolutionNode = FALSE
	EndGlobalSection
	GlobalSection(ExtensibilityGlobals) = postSolution
		SolutionGuid = {39F2713D-AA73-4B44-A0A2-187C7F33EFC3}
	EndGlobalSection
EndGlobal
